output/omnibus/pos_thresh_0.95/sim.0.replicate.1
output/omnibus/pos_thresh_0.95/sim.1.replicate.1
output/omnibus/pos_thresh_0.95/sim.2.replicate.1
output/omnibus/pos_thresh_0.95/sim.3.replicate.1
output/omnibus/pos_thresh_0.95/sim.4.replicate.1
output/omnibus/pos_thresh_0.95/sim.5.replicate.1
output/omnibus/pos_thresh_0.95/sim.6.replicate.1
output/omnibus/pos_thresh_0.95/sim.7.replicate.1
output/omnibus/pos_thresh_0.95/sim.8.replicate.1
output/omnibus/pos_thresh_0.95/sim.9.replicate.1
output/omnibus/pos_thresh_0.95/sim.10.replicate.1
output/omnibus/pos_thresh_0.95/sim.11.replicate.1
output/omnibus/pos_thresh_0.95/sim.12.replicate.1
output/omnibus/pos_thresh_0.95/sim.13.replicate.1
output/omnibus/pos_thresh_0.95/sim.14.replicate.1
output/omnibus/pos_thresh_0.95/sim.15.replicate.1
output/omnibus/pos_thresh_0.95/sim.16.replicate.1
output/omnibus/pos_thresh_0.95/sim.17.replicate.1
output/omnibus/pos_thresh_0.95/sim.18.replicate.1
output/omnibus/pos_thresh_0.95/sim.19.replicate.1
output/omnibus/pos_thresh_0.95/sim.20.replicate.1
output/omnibus/pos_thresh_0.95/sim.21.replicate.1
output/omnibus/pos_thresh_0.95/sim.22.replicate.1
output/omnibus/pos_thresh_0.95/sim.23.replicate.1
output/omnibus/pos_thresh_0.95/sim.24.replicate.1
output/omnibus/pos_thresh_0.95/sim.25.replicate.1
output/omnibus/pos_thresh_0.95/sim.26.replicate.1
output/omnibus/pos_thresh_0.95/sim.27.replicate.1
output/omnibus/pos_thresh_0.95/sim.28.replicate.1
output/omnibus/pos_thresh_0.95/sim.29.replicate.1
output/omnibus/pos_thresh_0.95/sim.30.replicate.1
output/omnibus/pos_thresh_0.95/sim.31.replicate.1
output/omnibus/pos_thresh_0.95/sim.32.replicate.1
output/omnibus/pos_thresh_0.95/sim.33.replicate.1
output/omnibus/pos_thresh_0.95/sim.34.replicate.1
output/omnibus/pos_thresh_0.95/sim.35.replicate.1
output/omnibus/pos_thresh_0.95/sim.36.replicate.1
output/omnibus/pos_thresh_0.95/sim.37.replicate.1
output/omnibus/pos_thresh_0.95/sim.38.replicate.1
output/omnibus/pos_thresh_0.95/sim.39.replicate.1
output/omnibus/pos_thresh_0.95/sim.40.replicate.1
output/omnibus/pos_thresh_0.95/sim.41.replicate.1
output/omnibus/pos_thresh_0.95/sim.42.replicate.1
output/omnibus/pos_thresh_0.95/sim.43.replicate.1
output/omnibus/pos_thresh_0.95/sim.44.replicate.1
output/omnibus/pos_thresh_0.95/sim.45.replicate.1
output/omnibus/pos_thresh_0.95/sim.46.replicate.1
output/omnibus/pos_thresh_0.95/sim.47.replicate.1
output/omnibus/pos_thresh_0.95/sim.48.replicate.1
output/omnibus/pos_thresh_0.95/sim.49.replicate.1
output/omnibus/pos_thresh_0.95/sim.50.replicate.1
output/omnibus/pos_thresh_0.95/sim.51.replicate.1
output/omnibus/pos_thresh_0.95/sim.52.replicate.1
output/omnibus/pos_thresh_0.95/sim.53.replicate.1
output/omnibus/pos_thresh_0.95/sim.54.replicate.1
output/omnibus/pos_thresh_0.95/sim.55.replicate.1
output/omnibus/pos_thresh_0.95/sim.56.replicate.1
output/omnibus/pos_thresh_0.95/sim.57.replicate.1
output/omnibus/pos_thresh_0.95/sim.58.replicate.1
output/omnibus/pos_thresh_0.95/sim.59.replicate.1
output/omnibus/pos_thresh_0.95/sim.60.replicate.1
output/omnibus/pos_thresh_0.95/sim.61.replicate.1
output/omnibus/pos_thresh_0.95/sim.62.replicate.1
output/omnibus/pos_thresh_0.95/sim.63.replicate.1
output/omnibus/pos_thresh_0.95/sim.64.replicate.1
output/omnibus/pos_thresh_0.95/sim.65.replicate.1
output/omnibus/pos_thresh_0.95/sim.66.replicate.1
output/omnibus/pos_thresh_0.95/sim.67.replicate.1
output/omnibus/pos_thresh_0.95/sim.68.replicate.1
output/omnibus/pos_thresh_0.95/sim.69.replicate.1
output/omnibus/pos_thresh_0.95/sim.70.replicate.1
output/omnibus/pos_thresh_0.95/sim.71.replicate.1
output/omnibus/pos_thresh_0.95/sim.72.replicate.1
output/omnibus/pos_thresh_0.95/sim.73.replicate.1
output/omnibus/pos_thresh_0.95/sim.74.replicate.1
output/omnibus/pos_thresh_0.95/sim.75.replicate.1
output/omnibus/pos_thresh_0.95/sim.76.replicate.1
output/omnibus/pos_thresh_0.95/sim.77.replicate.1
output/omnibus/pos_thresh_0.95/sim.78.replicate.1
output/omnibus/pos_thresh_0.95/sim.79.replicate.1
output/omnibus/pos_thresh_0.95/sim.80.replicate.1
output/omnibus/pos_thresh_0.95/sim.81.replicate.1
output/omnibus/pos_thresh_0.95/sim.82.replicate.1
output/omnibus/pos_thresh_0.95/sim.83.replicate.1
output/omnibus/pos_thresh_0.95/sim.84.replicate.1
output/omnibus/pos_thresh_0.95/sim.85.replicate.1
output/omnibus/pos_thresh_0.95/sim.86.replicate.1
output/omnibus/pos_thresh_0.95/sim.87.replicate.1
output/omnibus/pos_thresh_0.95/sim.88.replicate.1
output/omnibus/pos_thresh_0.95/sim.89.replicate.1
output/omnibus/pos_thresh_0.95/sim.90.replicate.1
output/omnibus/pos_thresh_0.95/sim.91.replicate.1
output/omnibus/pos_thresh_0.95/sim.92.replicate.1
output/omnibus/pos_thresh_0.95/sim.93.replicate.1
output/omnibus/pos_thresh_0.95/sim.94.replicate.1
output/omnibus/pos_thresh_0.95/sim.95.replicate.1
output/omnibus/pos_thresh_0.95/sim.96.replicate.1
output/omnibus/pos_thresh_0.95/sim.97.replicate.1
output/omnibus/pos_thresh_0.95/sim.98.replicate.1
output/omnibus/pos_thresh_0.95/sim.99.replicate.1
output/omnibus/pos_thresh_0.95/sim.100.replicate.1
output/omnibus/pos_thresh_0.95/sim.101.replicate.1
output/omnibus/pos_thresh_0.95/sim.102.replicate.1
output/omnibus/pos_thresh_0.95/sim.103.replicate.1
output/omnibus/pos_thresh_0.95/sim.104.replicate.1
output/omnibus/pos_thresh_0.95/sim.105.replicate.1
output/omnibus/pos_thresh_0.95/sim.106.replicate.1
output/omnibus/pos_thresh_0.95/sim.107.replicate.1
output/omnibus/pos_thresh_0.95/sim.108.replicate.1
output/omnibus/pos_thresh_0.95/sim.109.replicate.1
output/omnibus/pos_thresh_0.95/sim.110.replicate.1
output/omnibus/pos_thresh_0.95/sim.111.replicate.1
output/omnibus/pos_thresh_0.95/sim.112.replicate.1
output/omnibus/pos_thresh_0.95/sim.113.replicate.1
output/omnibus/pos_thresh_0.95/sim.114.replicate.1
output/omnibus/pos_thresh_0.95/sim.115.replicate.1
output/omnibus/pos_thresh_0.95/sim.116.replicate.1
output/omnibus/pos_thresh_0.95/sim.117.replicate.1
output/omnibus/pos_thresh_0.95/sim.118.replicate.1
output/omnibus/pos_thresh_0.95/sim.119.replicate.1
output/omnibus/pos_thresh_0.95/sim.120.replicate.1
output/omnibus/pos_thresh_0.95/sim.121.replicate.1
output/omnibus/pos_thresh_0.95/sim.122.replicate.1
output/omnibus/pos_thresh_0.95/sim.123.replicate.1
output/omnibus/pos_thresh_0.95/sim.124.replicate.1
output/omnibus/pos_thresh_0.95/sim.125.replicate.1
output/omnibus/pos_thresh_0.95/sim.126.replicate.1
output/omnibus/pos_thresh_0.95/sim.127.replicate.1
output/omnibus/pos_thresh_0.95/sim.128.replicate.1
output/omnibus/pos_thresh_0.95/sim.129.replicate.1
output/omnibus/pos_thresh_0.95/sim.130.replicate.1
output/omnibus/pos_thresh_0.95/sim.131.replicate.1
output/omnibus/pos_thresh_0.95/sim.132.replicate.1
output/omnibus/pos_thresh_0.95/sim.133.replicate.1
output/omnibus/pos_thresh_0.95/sim.134.replicate.1
output/omnibus/pos_thresh_0.95/sim.135.replicate.1
output/omnibus/pos_thresh_0.95/sim.136.replicate.1
output/omnibus/pos_thresh_0.95/sim.137.replicate.1
output/omnibus/pos_thresh_0.95/sim.138.replicate.1
output/omnibus/pos_thresh_0.95/sim.139.replicate.1
output/omnibus/pos_thresh_0.95/sim.140.replicate.1
output/omnibus/pos_thresh_0.95/sim.141.replicate.1
output/omnibus/pos_thresh_0.95/sim.142.replicate.1
output/omnibus/pos_thresh_0.95/sim.143.replicate.1
output/omnibus/pos_thresh_0.95/sim.144.replicate.1
output/omnibus/pos_thresh_0.95/sim.145.replicate.1
output/omnibus/pos_thresh_0.95/sim.146.replicate.1
output/omnibus/pos_thresh_0.95/sim.147.replicate.1
output/omnibus/pos_thresh_0.95/sim.148.replicate.1
output/omnibus/pos_thresh_0.95/sim.149.replicate.1
output/omnibus/pos_thresh_0.95/sim.150.replicate.1
output/omnibus/pos_thresh_0.95/sim.151.replicate.1
output/omnibus/pos_thresh_0.95/sim.152.replicate.1
output/omnibus/pos_thresh_0.95/sim.153.replicate.1
output/omnibus/pos_thresh_0.95/sim.154.replicate.1
output/omnibus/pos_thresh_0.95/sim.155.replicate.1
output/omnibus/pos_thresh_0.95/sim.156.replicate.1
output/omnibus/pos_thresh_0.95/sim.157.replicate.1
output/omnibus/pos_thresh_0.95/sim.158.replicate.1
output/omnibus/pos_thresh_0.95/sim.159.replicate.1
output/omnibus/pos_thresh_0.95/sim.160.replicate.1
output/omnibus/pos_thresh_0.95/sim.161.replicate.1
output/omnibus/pos_thresh_0.95/sim.162.replicate.1
output/omnibus/pos_thresh_0.95/sim.163.replicate.1
output/omnibus/pos_thresh_0.95/sim.164.replicate.1
output/omnibus/pos_thresh_0.95/sim.165.replicate.1
output/omnibus/pos_thresh_0.95/sim.166.replicate.1
output/omnibus/pos_thresh_0.95/sim.167.replicate.1
output/omnibus/pos_thresh_0.95/sim.168.replicate.1
output/omnibus/pos_thresh_0.95/sim.169.replicate.1
output/omnibus/pos_thresh_0.95/sim.170.replicate.1
output/omnibus/pos_thresh_0.95/sim.171.replicate.1
output/omnibus/pos_thresh_0.95/sim.172.replicate.1
output/omnibus/pos_thresh_0.95/sim.173.replicate.1
output/omnibus/pos_thresh_0.95/sim.174.replicate.1
output/omnibus/pos_thresh_0.95/sim.175.replicate.1
output/omnibus/pos_thresh_0.95/sim.176.replicate.1
output/omnibus/pos_thresh_0.95/sim.177.replicate.1
output/omnibus/pos_thresh_0.95/sim.178.replicate.1
output/omnibus/pos_thresh_0.95/sim.179.replicate.1
output/omnibus/pos_thresh_0.95/sim.180.replicate.1
output/omnibus/pos_thresh_0.95/sim.181.replicate.1
output/omnibus/pos_thresh_0.95/sim.182.replicate.1
output/omnibus/pos_thresh_0.95/sim.183.replicate.1
output/omnibus/pos_thresh_0.95/sim.184.replicate.1
output/omnibus/pos_thresh_0.95/sim.185.replicate.1
output/omnibus/pos_thresh_0.95/sim.186.replicate.1
output/omnibus/pos_thresh_0.95/sim.187.replicate.1
output/omnibus/pos_thresh_0.95/sim.188.replicate.1
output/omnibus/pos_thresh_0.95/sim.189.replicate.1
output/omnibus/pos_thresh_0.95/sim.190.replicate.1
output/omnibus/pos_thresh_0.95/sim.191.replicate.1
output/omnibus/pos_thresh_0.95/sim.192.replicate.1
output/omnibus/pos_thresh_0.95/sim.193.replicate.1
output/omnibus/pos_thresh_0.95/sim.194.replicate.1
output/omnibus/pos_thresh_0.95/sim.195.replicate.1
output/omnibus/pos_thresh_0.95/sim.196.replicate.1
output/omnibus/pos_thresh_0.95/sim.197.replicate.1
output/omnibus/pos_thresh_0.95/sim.198.replicate.1
output/omnibus/pos_thresh_0.95/sim.199.replicate.1
output/omnibus/pos_thresh_0.95/sim.200.replicate.1
output/omnibus/pos_thresh_0.95/sim.201.replicate.1
output/omnibus/pos_thresh_0.95/sim.202.replicate.1
output/omnibus/pos_thresh_0.95/sim.203.replicate.1
output/omnibus/pos_thresh_0.95/sim.204.replicate.1
output/omnibus/pos_thresh_0.95/sim.205.replicate.1
output/omnibus/pos_thresh_0.95/sim.206.replicate.1
output/omnibus/pos_thresh_0.95/sim.207.replicate.1
output/omnibus/pos_thresh_0.95/sim.208.replicate.1
output/omnibus/pos_thresh_0.95/sim.209.replicate.1
output/omnibus/pos_thresh_0.95/sim.210.replicate.1
output/omnibus/pos_thresh_0.95/sim.211.replicate.1
output/omnibus/pos_thresh_0.95/sim.212.replicate.1
output/omnibus/pos_thresh_0.95/sim.213.replicate.1
output/omnibus/pos_thresh_0.95/sim.214.replicate.1
output/omnibus/pos_thresh_0.95/sim.215.replicate.1
output/omnibus/pos_thresh_0.95/sim.216.replicate.1
output/omnibus/pos_thresh_0.95/sim.217.replicate.1
output/omnibus/pos_thresh_0.95/sim.218.replicate.1
output/omnibus/pos_thresh_0.95/sim.219.replicate.1
output/omnibus/pos_thresh_0.95/sim.220.replicate.1
output/omnibus/pos_thresh_0.95/sim.221.replicate.1
output/omnibus/pos_thresh_0.95/sim.222.replicate.1
output/omnibus/pos_thresh_0.95/sim.223.replicate.1
output/omnibus/pos_thresh_0.95/sim.224.replicate.1
output/omnibus/pos_thresh_0.95/sim.225.replicate.1
output/omnibus/pos_thresh_0.95/sim.226.replicate.1
output/omnibus/pos_thresh_0.95/sim.227.replicate.1
output/omnibus/pos_thresh_0.95/sim.228.replicate.1
output/omnibus/pos_thresh_0.95/sim.229.replicate.1
output/omnibus/pos_thresh_0.95/sim.230.replicate.1
output/omnibus/pos_thresh_0.95/sim.231.replicate.1
output/omnibus/pos_thresh_0.95/sim.232.replicate.1
output/omnibus/pos_thresh_0.95/sim.233.replicate.1
output/omnibus/pos_thresh_0.95/sim.234.replicate.1
output/omnibus/pos_thresh_0.95/sim.235.replicate.1
output/omnibus/pos_thresh_0.95/sim.236.replicate.1
output/omnibus/pos_thresh_0.95/sim.237.replicate.1
output/omnibus/pos_thresh_0.95/sim.238.replicate.1
output/omnibus/pos_thresh_0.95/sim.239.replicate.1
output/omnibus/pos_thresh_0.95/sim.240.replicate.1
output/omnibus/pos_thresh_0.95/sim.241.replicate.1
output/omnibus/pos_thresh_0.95/sim.242.replicate.1
output/omnibus/pos_thresh_0.95/sim.243.replicate.1
output/omnibus/pos_thresh_0.95/sim.244.replicate.1
output/omnibus/pos_thresh_0.95/sim.245.replicate.1
output/omnibus/pos_thresh_0.95/sim.246.replicate.1
output/omnibus/pos_thresh_0.95/sim.247.replicate.1
output/omnibus/pos_thresh_0.95/sim.248.replicate.1
output/omnibus/pos_thresh_0.95/sim.249.replicate.1
output/omnibus/pos_thresh_0.95/sim.250.replicate.1
output/omnibus/pos_thresh_0.95/sim.251.replicate.1
output/omnibus/pos_thresh_0.95/sim.252.replicate.1
output/omnibus/pos_thresh_0.95/sim.253.replicate.1
output/omnibus/pos_thresh_0.95/sim.254.replicate.1
output/omnibus/pos_thresh_0.95/sim.255.replicate.1
output/omnibus/pos_thresh_0.95/sim.256.replicate.1
output/omnibus/pos_thresh_0.95/sim.257.replicate.1
output/omnibus/pos_thresh_0.95/sim.258.replicate.1
output/omnibus/pos_thresh_0.95/sim.259.replicate.1
output/omnibus/pos_thresh_0.95/sim.260.replicate.1
output/omnibus/pos_thresh_0.95/sim.261.replicate.1
output/omnibus/pos_thresh_0.95/sim.262.replicate.1
output/omnibus/pos_thresh_0.95/sim.263.replicate.1
output/omnibus/pos_thresh_0.95/sim.264.replicate.1
output/omnibus/pos_thresh_0.95/sim.265.replicate.1
output/omnibus/pos_thresh_0.95/sim.266.replicate.1
output/omnibus/pos_thresh_0.95/sim.267.replicate.1
output/omnibus/pos_thresh_0.95/sim.268.replicate.1
output/omnibus/pos_thresh_0.95/sim.269.replicate.1
output/omnibus/pos_thresh_0.95/sim.270.replicate.1
output/omnibus/pos_thresh_0.95/sim.271.replicate.1
output/omnibus/pos_thresh_0.95/sim.272.replicate.1
output/omnibus/pos_thresh_0.95/sim.273.replicate.1
output/omnibus/pos_thresh_0.95/sim.274.replicate.1
output/omnibus/pos_thresh_0.95/sim.275.replicate.1
output/omnibus/pos_thresh_0.95/sim.276.replicate.1
output/omnibus/pos_thresh_0.95/sim.277.replicate.1
output/omnibus/pos_thresh_0.95/sim.278.replicate.1
output/omnibus/pos_thresh_0.95/sim.279.replicate.1
output/omnibus/pos_thresh_0.95/sim.280.replicate.1
output/omnibus/pos_thresh_0.95/sim.281.replicate.1
output/omnibus/pos_thresh_0.95/sim.282.replicate.1
output/omnibus/pos_thresh_0.95/sim.283.replicate.1
output/omnibus/pos_thresh_0.95/sim.284.replicate.1
output/omnibus/pos_thresh_0.95/sim.285.replicate.1
output/omnibus/pos_thresh_0.95/sim.286.replicate.1
output/omnibus/pos_thresh_0.95/sim.287.replicate.1
output/omnibus/pos_thresh_0.95/sim.288.replicate.1
output/omnibus/pos_thresh_0.95/sim.289.replicate.1
output/omnibus/pos_thresh_0.95/sim.290.replicate.1
output/omnibus/pos_thresh_0.95/sim.291.replicate.1
output/omnibus/pos_thresh_0.95/sim.292.replicate.1
output/omnibus/pos_thresh_0.95/sim.293.replicate.1
output/omnibus/pos_thresh_0.95/sim.294.replicate.1
output/omnibus/pos_thresh_0.95/sim.295.replicate.1
output/omnibus/pos_thresh_0.95/sim.296.replicate.1
output/omnibus/pos_thresh_0.95/sim.297.replicate.1
output/omnibus/pos_thresh_0.95/sim.298.replicate.1
output/omnibus/pos_thresh_0.95/sim.299.replicate.1
output/omnibus/pos_thresh_0.95/sim.300.replicate.1
output/omnibus/pos_thresh_0.95/sim.301.replicate.1
output/omnibus/pos_thresh_0.95/sim.302.replicate.1
output/omnibus/pos_thresh_0.95/sim.303.replicate.1
output/omnibus/pos_thresh_0.95/sim.304.replicate.1
output/omnibus/pos_thresh_0.95/sim.305.replicate.1
output/omnibus/pos_thresh_0.95/sim.306.replicate.1
output/omnibus/pos_thresh_0.95/sim.307.replicate.1
output/omnibus/pos_thresh_0.95/sim.308.replicate.1
output/omnibus/pos_thresh_0.95/sim.309.replicate.1
output/omnibus/pos_thresh_0.95/sim.310.replicate.1
output/omnibus/pos_thresh_0.95/sim.311.replicate.1
output/omnibus/pos_thresh_0.95/sim.312.replicate.1
output/omnibus/pos_thresh_0.95/sim.313.replicate.1
output/omnibus/pos_thresh_0.95/sim.314.replicate.1
output/omnibus/pos_thresh_0.95/sim.315.replicate.1
output/omnibus/pos_thresh_0.95/sim.316.replicate.1
output/omnibus/pos_thresh_0.95/sim.317.replicate.1
output/omnibus/pos_thresh_0.95/sim.318.replicate.1
output/omnibus/pos_thresh_0.95/sim.319.replicate.1
output/omnibus/pos_thresh_0.95/sim.320.replicate.1
output/omnibus/pos_thresh_0.95/sim.321.replicate.1
output/omnibus/pos_thresh_0.95/sim.322.replicate.1
output/omnibus/pos_thresh_0.95/sim.323.replicate.1
output/omnibus/pos_thresh_0.95/sim.324.replicate.1
output/omnibus/pos_thresh_0.95/sim.325.replicate.1
output/omnibus/pos_thresh_0.95/sim.326.replicate.1
output/omnibus/pos_thresh_0.95/sim.327.replicate.1
output/omnibus/pos_thresh_0.95/sim.328.replicate.1
output/omnibus/pos_thresh_0.95/sim.329.replicate.1
output/omnibus/pos_thresh_0.95/sim.330.replicate.1
output/omnibus/pos_thresh_0.95/sim.331.replicate.1
output/omnibus/pos_thresh_0.95/sim.332.replicate.1
output/omnibus/pos_thresh_0.95/sim.333.replicate.1
output/omnibus/pos_thresh_0.95/sim.334.replicate.1
output/omnibus/pos_thresh_0.95/sim.335.replicate.1
output/omnibus/pos_thresh_0.95/sim.336.replicate.1
output/omnibus/pos_thresh_0.95/sim.337.replicate.1
output/omnibus/pos_thresh_0.95/sim.338.replicate.1
output/omnibus/pos_thresh_0.95/sim.339.replicate.1
output/omnibus/pos_thresh_0.95/sim.340.replicate.1
output/omnibus/pos_thresh_0.95/sim.341.replicate.1
output/omnibus/pos_thresh_0.95/sim.342.replicate.1
output/omnibus/pos_thresh_0.95/sim.343.replicate.1
output/omnibus/pos_thresh_0.95/sim.344.replicate.1
output/omnibus/pos_thresh_0.95/sim.345.replicate.1
output/omnibus/pos_thresh_0.95/sim.346.replicate.1
output/omnibus/pos_thresh_0.95/sim.347.replicate.1
output/omnibus/pos_thresh_0.95/sim.348.replicate.1
output/omnibus/pos_thresh_0.95/sim.349.replicate.1
output/omnibus/pos_thresh_0.95/sim.350.replicate.1
output/omnibus/pos_thresh_0.95/sim.351.replicate.1
output/omnibus/pos_thresh_0.95/sim.352.replicate.1
output/omnibus/pos_thresh_0.95/sim.353.replicate.1
output/omnibus/pos_thresh_0.95/sim.354.replicate.1
output/omnibus/pos_thresh_0.95/sim.355.replicate.1
output/omnibus/pos_thresh_0.95/sim.356.replicate.1
output/omnibus/pos_thresh_0.95/sim.357.replicate.1
output/omnibus/pos_thresh_0.95/sim.358.replicate.1
output/omnibus/pos_thresh_0.95/sim.359.replicate.1
output/omnibus/pos_thresh_0.95/sim.360.replicate.1
output/omnibus/pos_thresh_0.95/sim.361.replicate.1
output/omnibus/pos_thresh_0.95/sim.362.replicate.1
output/omnibus/pos_thresh_0.95/sim.363.replicate.1
output/omnibus/pos_thresh_0.95/sim.364.replicate.1
output/omnibus/pos_thresh_0.95/sim.365.replicate.1
output/omnibus/pos_thresh_0.95/sim.366.replicate.1
output/omnibus/pos_thresh_0.95/sim.367.replicate.1
output/omnibus/pos_thresh_0.95/sim.368.replicate.1
output/omnibus/pos_thresh_0.95/sim.369.replicate.1
output/omnibus/pos_thresh_0.95/sim.370.replicate.1
output/omnibus/pos_thresh_0.95/sim.371.replicate.1
output/omnibus/pos_thresh_0.95/sim.372.replicate.1
output/omnibus/pos_thresh_0.95/sim.373.replicate.1
output/omnibus/pos_thresh_0.95/sim.374.replicate.1
output/omnibus/pos_thresh_0.95/sim.375.replicate.1
output/omnibus/pos_thresh_0.95/sim.376.replicate.1
output/omnibus/pos_thresh_0.95/sim.377.replicate.1
output/omnibus/pos_thresh_0.95/sim.378.replicate.1
output/omnibus/pos_thresh_0.95/sim.379.replicate.1
output/omnibus/pos_thresh_0.95/sim.380.replicate.1
output/omnibus/pos_thresh_0.95/sim.381.replicate.1
output/omnibus/pos_thresh_0.95/sim.382.replicate.1
output/omnibus/pos_thresh_0.95/sim.383.replicate.1
output/omnibus/pos_thresh_0.95/sim.384.replicate.1
output/omnibus/pos_thresh_0.95/sim.385.replicate.1
output/omnibus/pos_thresh_0.95/sim.386.replicate.1
output/omnibus/pos_thresh_0.95/sim.387.replicate.1
output/omnibus/pos_thresh_0.95/sim.388.replicate.1
output/omnibus/pos_thresh_0.95/sim.389.replicate.1
output/omnibus/pos_thresh_0.95/sim.390.replicate.1
output/omnibus/pos_thresh_0.95/sim.391.replicate.1
output/omnibus/pos_thresh_0.95/sim.392.replicate.1
output/omnibus/pos_thresh_0.95/sim.393.replicate.1
output/omnibus/pos_thresh_0.95/sim.394.replicate.1
output/omnibus/pos_thresh_0.95/sim.395.replicate.1
output/omnibus/pos_thresh_0.95/sim.396.replicate.1
output/omnibus/pos_thresh_0.95/sim.397.replicate.1
output/omnibus/pos_thresh_0.95/sim.398.replicate.1
output/omnibus/pos_thresh_0.95/sim.399.replicate.1
output/omnibus/pos_thresh_0.95/sim.400.replicate.1
output/omnibus/pos_thresh_0.95/sim.401.replicate.1
output/omnibus/pos_thresh_0.95/sim.402.replicate.1
output/omnibus/pos_thresh_0.95/sim.403.replicate.1
output/omnibus/pos_thresh_0.95/sim.404.replicate.1
output/omnibus/pos_thresh_0.95/sim.405.replicate.1
output/omnibus/pos_thresh_0.95/sim.406.replicate.1
output/omnibus/pos_thresh_0.95/sim.407.replicate.1
output/omnibus/pos_thresh_0.95/sim.408.replicate.1
output/omnibus/pos_thresh_0.95/sim.409.replicate.1
output/omnibus/pos_thresh_0.95/sim.410.replicate.1
output/omnibus/pos_thresh_0.95/sim.411.replicate.1
output/omnibus/pos_thresh_0.95/sim.412.replicate.1
output/omnibus/pos_thresh_0.95/sim.413.replicate.1
output/omnibus/pos_thresh_0.95/sim.414.replicate.1
output/omnibus/pos_thresh_0.95/sim.415.replicate.1
output/omnibus/pos_thresh_0.95/sim.416.replicate.1
output/omnibus/pos_thresh_0.95/sim.417.replicate.1
output/omnibus/pos_thresh_0.95/sim.418.replicate.1
output/omnibus/pos_thresh_0.95/sim.419.replicate.1
output/omnibus/pos_thresh_0.95/sim.420.replicate.1
output/omnibus/pos_thresh_0.95/sim.421.replicate.1
output/omnibus/pos_thresh_0.95/sim.422.replicate.1
output/omnibus/pos_thresh_0.95/sim.423.replicate.1
output/omnibus/pos_thresh_0.95/sim.424.replicate.1
output/omnibus/pos_thresh_0.95/sim.425.replicate.1
output/omnibus/pos_thresh_0.95/sim.426.replicate.1
output/omnibus/pos_thresh_0.95/sim.427.replicate.1
output/omnibus/pos_thresh_0.95/sim.428.replicate.1
output/omnibus/pos_thresh_0.95/sim.429.replicate.1
output/omnibus/pos_thresh_0.95/sim.430.replicate.1
output/omnibus/pos_thresh_0.95/sim.431.replicate.1
output/omnibus/pos_thresh_0.95/sim.432.replicate.1
output/omnibus/pos_thresh_0.95/sim.433.replicate.1
output/omnibus/pos_thresh_0.95/sim.434.replicate.1
output/omnibus/pos_thresh_0.95/sim.435.replicate.1
output/omnibus/pos_thresh_0.95/sim.436.replicate.1
output/omnibus/pos_thresh_0.95/sim.437.replicate.1
output/omnibus/pos_thresh_0.95/sim.438.replicate.1
output/omnibus/pos_thresh_0.95/sim.439.replicate.1
output/omnibus/pos_thresh_0.95/sim.440.replicate.1
output/omnibus/pos_thresh_0.95/sim.441.replicate.1
output/omnibus/pos_thresh_0.95/sim.442.replicate.1
output/omnibus/pos_thresh_0.95/sim.443.replicate.1
output/omnibus/pos_thresh_0.95/sim.444.replicate.1
output/omnibus/pos_thresh_0.95/sim.445.replicate.1
output/omnibus/pos_thresh_0.95/sim.446.replicate.1
output/omnibus/pos_thresh_0.95/sim.447.replicate.1
output/omnibus/pos_thresh_0.95/sim.448.replicate.1
output/omnibus/pos_thresh_0.95/sim.449.replicate.1
output/omnibus/pos_thresh_0.95/sim.450.replicate.1
output/omnibus/pos_thresh_0.95/sim.451.replicate.1
output/omnibus/pos_thresh_0.95/sim.452.replicate.1
output/omnibus/pos_thresh_0.95/sim.453.replicate.1
output/omnibus/pos_thresh_0.95/sim.454.replicate.1
output/omnibus/pos_thresh_0.95/sim.455.replicate.1
output/omnibus/pos_thresh_0.95/sim.456.replicate.1
output/omnibus/pos_thresh_0.95/sim.457.replicate.1
output/omnibus/pos_thresh_0.95/sim.458.replicate.1
output/omnibus/pos_thresh_0.95/sim.459.replicate.1
output/omnibus/pos_thresh_0.95/sim.460.replicate.1
output/omnibus/pos_thresh_0.95/sim.461.replicate.1
output/omnibus/pos_thresh_0.95/sim.462.replicate.1
output/omnibus/pos_thresh_0.95/sim.463.replicate.1
output/omnibus/pos_thresh_0.95/sim.464.replicate.1
output/omnibus/pos_thresh_0.95/sim.465.replicate.1
output/omnibus/pos_thresh_0.95/sim.466.replicate.1
output/omnibus/pos_thresh_0.95/sim.467.replicate.1
output/omnibus/pos_thresh_0.95/sim.468.replicate.1
output/omnibus/pos_thresh_0.95/sim.469.replicate.1
output/omnibus/pos_thresh_0.95/sim.470.replicate.1
output/omnibus/pos_thresh_0.95/sim.471.replicate.1
output/omnibus/pos_thresh_0.95/sim.472.replicate.1
output/omnibus/pos_thresh_0.95/sim.473.replicate.1
output/omnibus/pos_thresh_0.95/sim.474.replicate.1
output/omnibus/pos_thresh_0.95/sim.475.replicate.1
output/omnibus/pos_thresh_0.95/sim.476.replicate.1
output/omnibus/pos_thresh_0.95/sim.477.replicate.1
output/omnibus/pos_thresh_0.95/sim.478.replicate.1
output/omnibus/pos_thresh_0.95/sim.479.replicate.1
output/omnibus/pos_thresh_0.95/sim.480.replicate.1
output/omnibus/pos_thresh_0.95/sim.481.replicate.1
output/omnibus/pos_thresh_0.95/sim.482.replicate.1
output/omnibus/pos_thresh_0.95/sim.483.replicate.1
output/omnibus/pos_thresh_0.95/sim.484.replicate.1
output/omnibus/pos_thresh_0.95/sim.485.replicate.1
output/omnibus/pos_thresh_0.95/sim.486.replicate.1
output/omnibus/pos_thresh_0.95/sim.487.replicate.1
output/omnibus/pos_thresh_0.95/sim.488.replicate.1
output/omnibus/pos_thresh_0.95/sim.489.replicate.1
output/omnibus/pos_thresh_0.95/sim.490.replicate.1
output/omnibus/pos_thresh_0.95/sim.491.replicate.1
output/omnibus/pos_thresh_0.95/sim.492.replicate.1
output/omnibus/pos_thresh_0.95/sim.493.replicate.1
output/omnibus/pos_thresh_0.95/sim.494.replicate.1
output/omnibus/pos_thresh_0.95/sim.495.replicate.1
output/omnibus/pos_thresh_0.95/sim.496.replicate.1
output/omnibus/pos_thresh_0.95/sim.497.replicate.1
output/omnibus/pos_thresh_0.95/sim.498.replicate.1
output/omnibus/pos_thresh_0.95/sim.499.replicate.1
output/omnibus/pos_thresh_0.95/sim.500.replicate.1
output/omnibus/pos_thresh_0.95/sim.501.replicate.1
output/omnibus/pos_thresh_0.95/sim.502.replicate.1
output/omnibus/pos_thresh_0.95/sim.503.replicate.1
output/omnibus/pos_thresh_0.95/sim.504.replicate.1
output/omnibus/pos_thresh_0.95/sim.505.replicate.1
output/omnibus/pos_thresh_0.95/sim.506.replicate.1
output/omnibus/pos_thresh_0.95/sim.507.replicate.1
output/omnibus/pos_thresh_0.95/sim.508.replicate.1
output/omnibus/pos_thresh_0.95/sim.509.replicate.1
output/omnibus/pos_thresh_0.95/sim.510.replicate.1
output/omnibus/pos_thresh_0.95/sim.511.replicate.1
output/omnibus/pos_thresh_0.95/sim.512.replicate.1
output/omnibus/pos_thresh_0.95/sim.513.replicate.1
output/omnibus/pos_thresh_0.95/sim.514.replicate.1
output/omnibus/pos_thresh_0.95/sim.515.replicate.1
output/omnibus/pos_thresh_0.95/sim.516.replicate.1
output/omnibus/pos_thresh_0.95/sim.517.replicate.1
output/omnibus/pos_thresh_0.95/sim.518.replicate.1
output/omnibus/pos_thresh_0.95/sim.519.replicate.1
output/omnibus/pos_thresh_0.95/sim.520.replicate.1
output/omnibus/pos_thresh_0.95/sim.521.replicate.1
output/omnibus/pos_thresh_0.95/sim.522.replicate.1
output/omnibus/pos_thresh_0.95/sim.523.replicate.1
output/omnibus/pos_thresh_0.95/sim.524.replicate.1
output/omnibus/pos_thresh_0.95/sim.525.replicate.1
output/omnibus/pos_thresh_0.95/sim.526.replicate.1
output/omnibus/pos_thresh_0.95/sim.527.replicate.1
output/omnibus/pos_thresh_0.95/sim.528.replicate.1
output/omnibus/pos_thresh_0.95/sim.529.replicate.1
output/omnibus/pos_thresh_0.95/sim.530.replicate.1
output/omnibus/pos_thresh_0.95/sim.531.replicate.1
run_difFUBAR_timer.jl
run_difFUBAR_timer.jl
run_difFUBAR_timer.jl
run_difFUBAR_timer.jl
run_difFUBAR_timer.jl
run_difFUBAR_timer.jl
run_difFUBAR_timer.jl
run_difFUBAR_timer.jl
run_difFUBAR_timer.jl
run_difFUBAR_timer.jl
run_difFUBAR_timer.jl
run_difFUBAR_timer.jl
run_difFUBAR_timer.jl
run_difFUBAR_timer.jl
run_difFUBAR_timer.jl
run_difFUBAR_timer.jl
run_difFUBAR_timer.jl
run_difFUBAR_timer.jl
run_difFUBAR_timer.jl
run_difFUBAR_timer.jl
run_difFUBAR_timer.jl
run_difFUBAR_timer.jl
run_difFUBAR_timer.jl
run_difFUBAR_timer.jl
run_difFUBAR_timer.jl
run_difFUBAR_timer.jl
run_difFUBAR_timer.jl
run_difFUBAR_timer.jl
run_difFUBAR_timer.jl
run_difFUBAR_timer.jl
run_difFUBAR_timer.jl
run_difFUBAR_timer.jl
run_difFUBAR_timer.jl
run_difFUBAR_timer.jl
run_difFUBAR_timer.jl
run_difFUBAR_timer.jl
run_difFUBAR_timer.jl
run_difFUBAR_timer.jl
run_difFUBAR_timer.jl
run_difFUBAR_timer.jl
run_difFUBAR_timer.jl
run_difFUBAR_timer.jl
run_difFUBAR_timer.jl
run_difFUBAR_timer.jl
run_difFUBAR_timer.jl
run_difFUBAR_timer.jl
run_difFUBAR_timer.jl
run_difFUBAR_timer.jl
run_difFUBAR_timer.jl
run_difFUBAR_timer.jl
run_difFUBAR_timer.jl
run_difFUBAR_timer.jl
run_difFUBAR_timer.jl
run_difFUBAR_timer.jl
run_difFUBAR_timer.jl
run_difFUBAR_timer.jl
run_difFUBAR_timer.jl
run_difFUBAR_timer.jl
run_difFUBAR_timer.jl
run_difFUBAR_timer.jl
run_difFUBAR_timer.jl
run_difFUBAR_timer.jl
run_difFUBAR_timer.jl
run_difFUBAR_timer.jl
run_difFUBAR_timer.jl
run_difFUBAR_timer.jl
run_difFUBAR_timer.jl
run_difFUBAR_timer.jl
run_difFUBAR_timer.jl
run_difFUBAR_timer.jl
run_difFUBAR_timer.jl
run_difFUBAR_timer.jl
run_difFUBAR_timer.jl
run_difFUBAR_timer.jl
run_difFUBAR_timer.jl
run_difFUBAR_timer.jl
run_difFUBAR_timer.jl
run_difFUBAR_timer.jl
run_difFUBAR_timer.jl
run_difFUBAR_timer.jl
run_difFUBAR_timer.jl
run_difFUBAR_timer.jl
run_difFUBAR_timer.jl
run_difFUBAR_timer.jl
run_difFUBAR_timer.jl
run_difFUBAR_timer.jl
run_difFUBAR_timer.jl
run_difFUBAR_timer.jl
run_difFUBAR_timer.jl
run_difFUBAR_timer.jl
run_difFUBAR_timer.jl
run_difFUBAR_timer.jl
run_difFUBAR_timer.jl
run_difFUBAR_timer.jl
run_difFUBAR_timer.jl
run_difFUBAR_timer.jl
run_difFUBAR_timer.jl
run_difFUBAR_timer.jl
run_difFUBAR_timer.jl
run_difFUBAR_timer.jl
run_difFUBAR_timer.jl
run_difFUBAR_timer.jl
run_difFUBAR_timer.jl
run_difFUBAR_timer.jl
run_difFUBAR_timer.jl
run_difFUBAR_timer.jl
run_difFUBAR_timer.jl
run_difFUBAR_timer.jl
run_difFUBAR_timer.jl
run_difFUBAR_timer.jl
run_difFUBAR_timer.jl
run_difFUBAR_timer.jl
run_difFUBAR_timer.jl
run_difFUBAR_timer.jl
run_difFUBAR_timer.jl
run_difFUBAR_timer.jl
run_difFUBAR_timer.jl
run_difFUBAR_timer.jl
run_difFUBAR_timer.jl
run_difFUBAR_timer.jl
run_difFUBAR_timer.jl
run_difFUBAR_timer.jl
run_difFUBAR_timer.jl
run_difFUBAR_timer.jl
run_difFUBAR_timer.jl
run_difFUBAR_timer.jl
run_difFUBAR_timer.jl
run_difFUBAR_timer.jl
run_difFUBAR_timer.jl
run_difFUBAR_timer.jl
run_difFUBAR_timer.jl
run_difFUBAR_timer.jl
run_difFUBAR_timer.jl
run_difFUBAR_timer.jl
run_difFUBAR_timer.jl
run_difFUBAR_timer.jl
run_difFUBAR_timer.jl
run_difFUBAR_timer.jl
run_difFUBAR_timer.jl
run_difFUBAR_timer.jl
run_difFUBAR_timer.jl
run_difFUBAR_timer.jl
run_difFUBAR_timer.jl
run_difFUBAR_timer.jl
run_difFUBAR_timer.jl
run_difFUBAR_timer.jl
run_difFUBAR_timer.jl
run_difFUBAR_timer.jl
run_difFUBAR_timer.jl
run_difFUBAR_timer.jl
run_difFUBAR_timer.jl
run_difFUBAR_timer.jl
run_difFUBAR_timer.jl
run_difFUBAR_timer.jl
run_difFUBAR_timer.jl
run_difFUBAR_timer.jl
run_difFUBAR_timer.jl
run_difFUBAR_timer.jl
run_difFUBAR_timer.jl
run_difFUBAR_timer.jl
run_difFUBAR_timer.jl
run_difFUBAR_timer.jl
run_difFUBAR_timer.jl
run_difFUBAR_timer.jl
run_difFUBAR_timer.jl
run_difFUBAR_timer.jl
run_difFUBAR_timer.jl
run_difFUBAR_timer.jl
run_difFUBAR_timer.jl
run_difFUBAR_timer.jl
run_difFUBAR_timer.jl
run_difFUBAR_timer.jl
run_difFUBAR_timer.jl
run_difFUBAR_timer.jl
run_difFUBAR_timer.jl
run_difFUBAR_timer.jl
run_difFUBAR_timer.jl
run_difFUBAR_timer.jl
run_difFUBAR_timer.jl
run_difFUBAR_timer.jl
run_difFUBAR_timer.jl
run_difFUBAR_timer.jl
run_difFUBAR_timer.jl
run_difFUBAR_timer.jl
run_difFUBAR_timer.jl
run_difFUBAR_timer.jl
run_difFUBAR_timer.jl
run_difFUBAR_timer.jl
run_difFUBAR_timer.jl
run_difFUBAR_timer.jl
run_difFUBAR_timer.jl
run_difFUBAR_timer.jl
run_difFUBAR_timer.jl
run_difFUBAR_timer.jl
run_difFUBAR_timer.jl
run_difFUBAR_timer.jl
run_difFUBAR_timer.jl
run_difFUBAR_timer.jl
run_difFUBAR_timer.jl
run_difFUBAR_timer.jl
run_difFUBAR_timer.jl
run_difFUBAR_timer.jl
run_difFUBAR_timer.jl
run_difFUBAR_timer.jl
run_difFUBAR_timer.jl
run_difFUBAR_timer.jl
run_difFUBAR_timer.jl
run_difFUBAR_timer.jl
run_difFUBAR_timer.jl
run_difFUBAR_timer.jl
run_difFUBAR_timer.jl
run_difFUBAR_timer.jl
run_difFUBAR_timer.jl
run_difFUBAR_timer.jl
run_difFUBAR_timer.jl
run_difFUBAR_timer.jl
run_difFUBAR_timer.jl
run_difFUBAR_timer.jl
run_difFUBAR_timer.jl
run_difFUBAR_timer.jl
run_difFUBAR_timer.jl
run_difFUBAR_timer.jl
run_difFUBAR_timer.jl
run_difFUBAR_timer.jl
run_difFUBAR_timer.jl
run_difFUBAR_timer.jl
run_difFUBAR_timer.jl
run_difFUBAR_timer.jl
run_difFUBAR_timer.jl
run_difFUBAR_timer.jl
run_difFUBAR_timer.jl
run_difFUBAR_timer.jl
run_difFUBAR_timer.jl
run_difFUBAR_timer.jl
run_difFUBAR_timer.jl
run_difFUBAR_timer.jl
run_difFUBAR_timer.jl
run_difFUBAR_timer.jl
run_difFUBAR_timer.jl
run_difFUBAR_timer.jl
run_difFUBAR_timer.jl
run_difFUBAR_timer.jl
run_difFUBAR_timer.jl
run_difFUBAR_timer.jl
run_difFUBAR_timer.jl
run_difFUBAR_timer.jl
run_difFUBAR_timer.jl
run_difFUBAR_timer.jl
run_difFUBAR_timer.jl
run_difFUBAR_timer.jl
run_difFUBAR_timer.jl
run_difFUBAR_timer.jl
run_difFUBAR_timer.jl
run_difFUBAR_timer.jl
run_difFUBAR_timer.jl
run_difFUBAR_timer.jl
run_difFUBAR_timer.jl
run_difFUBAR_timer.jl
run_difFUBAR_timer.jl
run_difFUBAR_timer.jl
run_difFUBAR_timer.jl
run_difFUBAR_timer.jl
run_difFUBAR_timer.jl
run_difFUBAR_timer.jl
run_difFUBAR_timer.jl
run_difFUBAR_timer.jl
run_difFUBAR_timer.jl
run_difFUBAR_timer.jl
run_difFUBAR_timer.jl
run_difFUBAR_timer.jl
run_difFUBAR_timer.jl
run_difFUBAR_timer.jl
run_difFUBAR_timer.jl
run_difFUBAR_timer.jl
run_difFUBAR_timer.jl
run_difFUBAR_timer.jl
run_difFUBAR_timer.jl
run_difFUBAR_timer.jl
run_difFUBAR_timer.jl
run_difFUBAR_timer.jl
run_difFUBAR_timer.jl
run_difFUBAR_timer.jl
run_difFUBAR_timer.jl
run_difFUBAR_timer.jl
run_difFUBAR_timer.jl
run_difFUBAR_timer.jl
run_difFUBAR_timer.jl
run_difFUBAR_timer.jl
run_difFUBAR_timer.jl
run_difFUBAR_timer.jl
run_difFUBAR_timer.jl
run_difFUBAR_timer.jl
run_difFUBAR_timer.jl
run_difFUBAR_timer.jl
run_difFUBAR_timer.jl
run_difFUBAR_timer.jl
run_difFUBAR_timer.jl
run_difFUBAR_timer.jl
run_difFUBAR_timer.jl
run_difFUBAR_timer.jl
run_difFUBAR_timer.jl
run_difFUBAR_timer.jl
run_difFUBAR_timer.jl
run_difFUBAR_timer.jl
run_difFUBAR_timer.jl
run_difFUBAR_timer.jl
run_difFUBAR_timer.jl
run_difFUBAR_timer.jl
run_difFUBAR_timer.jl
run_difFUBAR_timer.jl
run_difFUBAR_timer.jl
run_difFUBAR_timer.jl
run_difFUBAR_timer.jl
run_difFUBAR_timer.jl
run_difFUBAR_timer.jl
run_difFUBAR_timer.jl
run_difFUBAR_timer.jl
run_difFUBAR_timer.jl
run_difFUBAR_timer.jl
run_difFUBAR_timer.jl
run_difFUBAR_timer.jl
run_difFUBAR_timer.jl
run_difFUBAR_timer.jl
run_difFUBAR_timer.jl
run_difFUBAR_timer.jl
run_difFUBAR_timer.jl
run_difFUBAR_timer.jl
run_difFUBAR_timer.jl
run_difFUBAR_timer.jl
run_difFUBAR_timer.jl
run_difFUBAR_timer.jl
run_difFUBAR_timer.jl
run_difFUBAR_timer.jl
run_difFUBAR_timer.jl
run_difFUBAR_timer.jl
run_difFUBAR_timer.jl
run_difFUBAR_timer.jl
run_difFUBAR_timer.jl
run_difFUBAR_timer.jl
run_difFUBAR_timer.jl
run_difFUBAR_timer.jl
run_difFUBAR_timer.jl
run_difFUBAR_timer.jl
run_difFUBAR_timer.jl
run_difFUBAR_timer.jl
run_difFUBAR_timer.jl
run_difFUBAR_timer.jl
run_difFUBAR_timer.jl
run_difFUBAR_timer.jl
run_difFUBAR_timer.jl
run_difFUBAR_timer.jl
run_difFUBAR_timer.jl
run_difFUBAR_timer.jl
run_difFUBAR_timer.jl
run_difFUBAR_timer.jl
run_difFUBAR_timer.jl
run_difFUBAR_timer.jl
run_difFUBAR_timer.jl
run_difFUBAR_timer.jl
run_difFUBAR_timer.jl
run_difFUBAR_timer.jl
run_difFUBAR_timer.jl
run_difFUBAR_timer.jl
run_difFUBAR_timer.jl
run_difFUBAR_timer.jl
run_difFUBAR_timer.jl
run_difFUBAR_timer.jl
run_difFUBAR_timer.jl
run_difFUBAR_timer.jl
run_difFUBAR_timer.jl
run_difFUBAR_timer.jl
run_difFUBAR_timer.jl
run_difFUBAR_timer.jl
run_difFUBAR_timer.jl
run_difFUBAR_timer.jl
run_difFUBAR_timer.jl
run_difFUBAR_timer.jl
run_difFUBAR_timer.jl
run_difFUBAR_timer.jl
run_difFUBAR_timer.jl
run_difFUBAR_timer.jl
run_difFUBAR_timer.jl
run_difFUBAR_timer.jl
run_difFUBAR_timer.jl
run_difFUBAR_timer.jl
run_difFUBAR_timer.jl
run_difFUBAR_timer.jl
run_difFUBAR_timer.jl
run_difFUBAR_timer.jl
run_difFUBAR_timer.jl
run_difFUBAR_timer.jl
run_difFUBAR_timer.jl
run_difFUBAR_timer.jl
run_difFUBAR_timer.jl
run_difFUBAR_timer.jl
run_difFUBAR_timer.jl
run_difFUBAR_timer.jl
run_difFUBAR_timer.jl
run_difFUBAR_timer.jl
run_difFUBAR_timer.jl
run_difFUBAR_timer.jl
run_difFUBAR_timer.jl
run_difFUBAR_timer.jl
run_difFUBAR_timer.jl
run_difFUBAR_timer.jl
run_difFUBAR_timer.jl
run_difFUBAR_timer.jl
run_difFUBAR_timer.jl
run_difFUBAR_timer.jl
run_difFUBAR_timer.jl
run_difFUBAR_timer.jl
run_difFUBAR_timer.jl
run_difFUBAR_timer.jl
run_difFUBAR_timer.jl
run_difFUBAR_timer.jl
run_difFUBAR_timer.jl
run_difFUBAR_timer.jl
run_difFUBAR_timer.jl
run_difFUBAR_timer.jl
run_difFUBAR_timer.jl
run_difFUBAR_timer.jl
run_difFUBAR_timer.jl
run_difFUBAR_timer.jl
run_difFUBAR_timer.jl
run_difFUBAR_timer.jl
run_difFUBAR_timer.jl
run_difFUBAR_timer.jl
run_difFUBAR_timer.jl
run_difFUBAR_timer.jl
run_difFUBAR_timer.jl
run_difFUBAR_timer.jl
run_difFUBAR_timer.jl
run_difFUBAR_timer.jl
run_difFUBAR_timer.jl
run_difFUBAR_timer.jl
run_difFUBAR_timer.jl
run_difFUBAR_timer.jl
run_difFUBAR_timer.jl
run_difFUBAR_timer.jl
run_difFUBAR_timer.jl
run_difFUBAR_timer.jl
run_difFUBAR_timer.jl
run_difFUBAR_timer.jl
run_difFUBAR_timer.jl
run_difFUBAR_timer.jl
run_difFUBAR_timer.jl
run_difFUBAR_timer.jl
run_difFUBAR_timer.jl
run_difFUBAR_timer.jl
run_difFUBAR_timer.jl
run_difFUBAR_timer.jl
run_difFUBAR_timer.jl
run_difFUBAR_timer.jl
run_difFUBAR_timer.jl
run_difFUBAR_timer.jl
run_difFUBAR_timer.jl
run_difFUBAR_timer.jl
run_difFUBAR_timer.jl
run_difFUBAR_timer.jl
run_difFUBAR_timer.jl
run_difFUBAR_timer.jl
run_difFUBAR_timer.jl
run_difFUBAR_timer.jl
run_difFUBAR_timer.jl
run_difFUBAR_timer.jl
run_difFUBAR_timer.jl
run_difFUBAR_timer.jl
run_difFUBAR_timer.jl
run_difFUBAR_timer.jl
run_difFUBAR_timer.jl
run_difFUBAR_timer.jl
run_difFUBAR_timer.jl
run_difFUBAR_timer.jl
run_difFUBAR_timer.jl
run_difFUBAR_timer.jl
run_difFUBAR_timer.jl
run_difFUBAR_timer.jl
run_difFUBAR_timer.jl
run_difFUBAR_timer.jl
run_difFUBAR_timer.jl
run_difFUBAR_timer.jl
run_difFUBAR_timer.jl
run_difFUBAR_timer.jl
run_difFUBAR_timer.jl
run_difFUBAR_timer.jl
run_difFUBAR_timer.jl
run_difFUBAR_timer.jl
run_difFUBAR_timer.jl
run_difFUBAR_timer.jl
run_difFUBAR_timer.jl
run_difFUBAR_timer.jl
run_difFUBAR_timer.jl
run_difFUBAR_timer.jl
run_difFUBAR_timer.jl
run_difFUBAR_timer.jl
run_difFUBAR_timer.jl
run_difFUBAR_timer.jl
run_difFUBAR_timer.jl
run_difFUBAR_timer.jl
run_difFUBAR_timer.jl
run_difFUBAR_timer.jl
run_difFUBAR_timer.jl
run_difFUBAR_timer.jl
run_difFUBAR_timer.jl
run_difFUBAR_timer.jl
run_difFUBAR_timer.jl
run_difFUBAR_timer.jl
run_difFUBAR_timer.jl
run_difFUBAR_timer.jl
run_difFUBAR_timer.jl
run_difFUBAR_timer.jl
run_difFUBAR_timer.jl
run_difFUBAR_timer.jl
run_difFUBAR_timer.jl
run_difFUBAR_timer.jl
run_difFUBAR_timer.jl
run_difFUBAR_timer.jl
run_difFUBAR_timer.jl
run_difFUBAR_timer.jl
run_difFUBAR_timer.jl
run_difFUBAR_timer.jl
run_difFUBAR_timer.jl
run_difFUBAR_timer.jl
run_difFUBAR_timer.jl
run_difFUBAR_timer.jl
run_difFUBAR_timer.jl
run_difFUBAR_timer.jl
run_difFUBAR_timer.jl
run_difFUBAR_timer.jl
run_difFUBAR_timer.jl
run_difFUBAR_timer.jl
run_difFUBAR_timer.jl
